
Microsoft Visual Studio Solution File, Format Version 12.00
# Visual Studio Version 17
VisualStudioVersion = 17.4.33213.308
MinimumVisualStudioVersion = 10.0.40219.1
Project("{FAE04EC0-301F-11D3-BF4B-00C04F79EFBC}") = "BillsRepository.cs", "BillsRepository.cs.csproj", "{76CDEC2A-69C4-469B-AD4F-5BB5BC286865}"
EndProject
Global
	GlobalSection(SolutionConfigurationPlatforms) = preSolution
		Debug|Any CPU = Debug|Any CPU
		Release|Any CPU = Release|Any CPU
	EndGlobalSection
	GlobalSection(ProjectConfigurationPlatforms) = postSolution
		{76CDEC2A-69C4-469B-AD4F-5BB5BC286865}.Debug|Any CPU.ActiveCfg = Debug|Any CPU
		{76CDEC2A-69C4-469B-AD4F-5BB5BC286865}.Debug|Any CPU.Build.0 = Debug|Any CPU
		{76CDEC2A-69C4-469B-AD4F-5BB5BC286865}.Release|Any CPU.ActiveCfg = Release|Any CPU
		{76CDEC2A-69C4-469B-AD4F-5BB5BC286865}.Release|Any CPU.Build.0 = Release|Any CPU
	EndGlobalSection
	GlobalSection(SolutionProperties) = preSolution
		HideSolutionNode = FALSE
	EndGlobalSection
	GlobalSection(ExtensibilityGlobals) = postSolution
		SolutionGuid = {F7CC2D43-BF80-41A4-A44E-C9D8341A010B}
	EndGlobalSection
EndGlobal
